
Microsoft Visual Studio Solution File, Format Version 12.00
# Visual Studio Version 17
VisualStudioVersion = 17.4.33213.308
MinimumVisualStudioVersion = 10.0.40219.1
Project("{FAE04EC0-301F-11D3-BF4B-00C04F79EFBC}") = "SudokuSolver", "SudokuSolver\SudokuSolver.csproj", "{B2172E76-1583-4F7B-BBBF-B8929AA54BE7}"
EndProject
Global
	GlobalSection(SolutionConfigurationPlatforms) = preSolution
		Debug|Any CPU = Debug|Any CPU
		Release|Any CPU = Release|Any CPU
	EndGlobalSection
	GlobalSection(ProjectConfigurationPlatforms) = postSolution
		{B2172E76-1583-4F7B-BBBF-B8929AA54BE7}.Debug|Any CPU.ActiveCfg = Debug|Any CPU
		{B2172E76-1583-4F7B-BBBF-B8929AA54BE7}.Debug|Any CPU.Build.0 = Debug|Any CPU
		{B2172E76-1583-4F7B-BBBF-B8929AA54BE7}.Release|Any CPU.ActiveCfg = Release|Any CPU
		{B2172E76-1583-4F7B-BBBF-B8929AA54BE7}.Release|Any CPU.Build.0 = Release|Any CPU
	EndGlobalSection
	GlobalSection(SolutionProperties) = preSolution
		HideSolutionNode = FALSE
	EndGlobalSection
	GlobalSection(ExtensibilityGlobals) = postSolution
		SolutionGuid = {3920CB0F-4702-4C23-A706-984925CAAD33}
	EndGlobalSection
EndGlobal
